// !$*UTF8*$!
{
	archiveVersion = 1;
	classes = {
	};
	objectVersion = 46;
	objects = {

/* Begin PBXBuildFile section */
		8F373B4F1B01283D006C3E9E /* main.m in Sources */ = {isa = PBXBuildFile; fileRef = 8F373B4E1B01283D006C3E9E /* main.m */; };
		8F373B521B01283D006C3E9E /* AppDelegate.m in Sources */ = {isa = PBXBuildFile; fileRef = 8F373B511B01283D006C3E9E /* AppDelegate.m */; };
		8F373B581B01283D006C3E9E /* Main.storyboard in Resources */ = {isa = PBXBuildFile; fileRef = 8F373B561B01283D006C3E9E /* Main.storyboard */; };
		8F373B5A1B01283D006C3E9E /* Images.xcassets in Resources */ = {isa = PBXBuildFile; fileRef = 8F373B591B01283D006C3E9E /* Images.xcassets */; };
		8F373B691B01283E006C3E9E /* Conta_GranaTests.m in Sources */ = {isa = PBXBuildFile; fileRef = 8F373B681B01283E006C3E9E /* Conta_GranaTests.m */; };
		8F57A0111B10247900A49D7D /* SingletonClass.m in Sources */ = {isa = PBXBuildFile; fileRef = 8F57A0101B10247900A49D7D /* SingletonClass.m */; };
		8F57A0151B102B6400A49D7D /* StoreKit.framework in Frameworks */ = {isa = PBXBuildFile; fileRef = 8F57A0141B102B6400A49D7D /* StoreKit.framework */; };
		8F57A0191B102B9200A49D7D /* Foundation.framework in Frameworks */ = {isa = PBXBuildFile; fileRef = 8F57A0181B102B9200A49D7D /* Foundation.framework */; };
		8F57A01B1B102B9A00A49D7D /* CoreGraphics.framework in Frameworks */ = {isa = PBXBuildFile; fileRef = 8F57A01A1B102B9A00A49D7D /* CoreGraphics.framework */; };
		8F57A01D1B102BAE00A49D7D /* UIKit.framework in Frameworks */ = {isa = PBXBuildFile; fileRef = 8F57A01C1B102BAE00A49D7D /* UIKit.framework */; };
		8FD9E0AF1B03BEC100EFEB83 /* NotasTableViewController.m in Sources */ = {isa = PBXBuildFile; fileRef = 8FD9E0AE1B03BEC100EFEB83 /* NotasTableViewController.m */; };
		8FF97B621B0F701500C318F0 /* MoedasTableViewController.m in Sources */ = {isa = PBXBuildFile; fileRef = 8FF97B611B0F701500C318F0 /* MoedasTableViewController.m */; };
		B919B087209C9AB500204CE2 /* Launch Screen.storyboard in Resources */ = {isa = PBXBuildFile; fileRef = B919B086209C9AB500204CE2 /* Launch Screen.storyboard */; };
		B969970720ADEF600019764D /* Chartboost.framework in Frameworks */ = {isa = PBXBuildFile; fileRef = 8F57A0161B102B8000A49D7D /* Chartboost.framework */; };
/* End PBXBuildFile section */

/* Begin PBXContainerItemProxy section */
		8F373B631B01283D006C3E9E /* PBXContainerItemProxy */ = {
			isa = PBXContainerItemProxy;
			containerPortal = 8F373B411B01283D006C3E9E /* Project object */;
			proxyType = 1;
			remoteGlobalIDString = 8F373B481B01283D006C3E9E;
			remoteInfo = "Conta Grana";
		};
/* End PBXContainerItemProxy section */

/* Begin PBXFileReference section */
		8F373B491B01283D006C3E9E /* Conta Grana.app */ = {isa = PBXFileReference; explicitFileType = wrapper.application; includeInIndex = 0; path = "Conta Grana.app"; sourceTree = BUILT_PRODUCTS_DIR; };
		8F373B4D1B01283D006C3E9E /* Info.plist */ = {isa = PBXFileReference; lastKnownFileType = text.plist.xml; path = Info.plist; sourceTree = "<group>"; };
		8F373B4E1B01283D006C3E9E /* main.m */ = {isa = PBXFileReference; lastKnownFileType = sourcecode.c.objc; path = main.m; sourceTree = "<group>"; };
		8F373B501B01283D006C3E9E /* AppDelegate.h */ = {isa = PBXFileReference; lastKnownFileType = sourcecode.c.h; path = AppDelegate.h; sourceTree = "<group>"; };
		8F373B511B01283D006C3E9E /* AppDelegate.m */ = {isa = PBXFileReference; lastKnownFileType = sourcecode.c.objc; path = AppDelegate.m; sourceTree = "<group>"; };
		8F373B571B01283D006C3E9E /* Base */ = {isa = PBXFileReference; lastKnownFileType = file.storyboard; name = Base; path = Base.lproj/Main.storyboard; sourceTree = "<group>"; };
		8F373B591B01283D006C3E9E /* Images.xcassets */ = {isa = PBXFileReference; lastKnownFileType = folder.assetcatalog; path = Images.xcassets; sourceTree = "<group>"; };
		8F373B621B01283D006C3E9E /* Conta GranaTests.xctest */ = {isa = PBXFileReference; explicitFileType = wrapper.cfbundle; includeInIndex = 0; path = "Conta GranaTests.xctest"; sourceTree = BUILT_PRODUCTS_DIR; };
		8F373B671B01283D006C3E9E /* Info.plist */ = {isa = PBXFileReference; lastKnownFileType = text.plist.xml; path = Info.plist; sourceTree = "<group>"; };
		8F373B681B01283E006C3E9E /* Conta_GranaTests.m */ = {isa = PBXFileReference; lastKnownFileType = sourcecode.c.objc; path = Conta_GranaTests.m; sourceTree = "<group>"; };
		8F57A00F1B10247900A49D7D /* SingletonClass.h */ = {isa = PBXFileReference; fileEncoding = 4; lastKnownFileType = sourcecode.c.h; path = SingletonClass.h; sourceTree = "<group>"; };
		8F57A0101B10247900A49D7D /* SingletonClass.m */ = {isa = PBXFileReference; fileEncoding = 4; lastKnownFileType = sourcecode.c.objc; path = SingletonClass.m; sourceTree = "<group>"; };
		8F57A0141B102B6400A49D7D /* StoreKit.framework */ = {isa = PBXFileReference; lastKnownFileType = wrapper.framework; name = StoreKit.framework; path = System/Library/Frameworks/StoreKit.framework; sourceTree = SDKROOT; };
		8F57A0161B102B8000A49D7D /* Chartboost.framework */ = {isa = PBXFileReference; lastKnownFileType = wrapper.framework; path = Chartboost.framework; sourceTree = "<group>"; };
		8F57A0181B102B9200A49D7D /* Foundation.framework */ = {isa = PBXFileReference; lastKnownFileType = wrapper.framework; name = Foundation.framework; path = System/Library/Frameworks/Foundation.framework; sourceTree = SDKROOT; };
		8F57A01A1B102B9A00A49D7D /* CoreGraphics.framework */ = {isa = PBXFileReference; lastKnownFileType = wrapper.framework; name = CoreGraphics.framework; path = System/Library/Frameworks/CoreGraphics.framework; sourceTree = SDKROOT; };
		8F57A01C1B102BAE00A49D7D /* UIKit.framework */ = {isa = PBXFileReference; lastKnownFileType = wrapper.framework; name = UIKit.framework; path = System/Library/Frameworks/UIKit.framework; sourceTree = SDKROOT; };
		8FD9E0AD1B03BEC100EFEB83 /* NotasTableViewController.h */ = {isa = PBXFileReference; fileEncoding = 4; lastKnownFileType = sourcecode.c.h; path = NotasTableViewController.h; sourceTree = "<group>"; };
		8FD9E0AE1B03BEC100EFEB83 /* NotasTableViewController.m */ = {isa = PBXFileReference; fileEncoding = 4; lastKnownFileType = sourcecode.c.objc; path = NotasTableViewController.m; sourceTree = "<group>"; };
		8FF97B601B0F701500C318F0 /* MoedasTableViewController.h */ = {isa = PBXFileReference; fileEncoding = 4; lastKnownFileType = sourcecode.c.h; path = MoedasTableViewController.h; sourceTree = "<group>"; };
		8FF97B611B0F701500C318F0 /* MoedasTableViewController.m */ = {isa = PBXFileReference; fileEncoding = 4; lastKnownFileType = sourcecode.c.objc; path = MoedasTableViewController.m; sourceTree = "<group>"; };
		B919B086209C9AB500204CE2 /* Launch Screen.storyboard */ = {isa = PBXFileReference; lastKnownFileType = file.storyboard; path = "Launch Screen.storyboard"; sourceTree = "<group>"; };
/* End PBXFileReference section */

/* Begin PBXFrameworksBuildPhase section */
		8F373B461B01283D006C3E9E /* Frameworks */ = {
			isa = PBXFrameworksBuildPhase;
			buildActionMask = 2147483647;
			files = (
				B969970720ADEF600019764D /* Chartboost.framework in Frameworks */,
				8F57A01D1B102BAE00A49D7D /* UIKit.framework in Frameworks */,
				8F57A01B1B102B9A00A49D7D /* CoreGraphics.framework in Frameworks */,
				8F57A0191B102B9200A49D7D /* Foundation.framework in Frameworks */,
				8F57A0151B102B6400A49D7D /* StoreKit.framework in Frameworks */,
			);
			runOnlyForDeploymentPostprocessing = 0;
		};
		8F373B5F1B01283D006C3E9E /* Frameworks */ = {
			isa = PBXFrameworksBuildPhase;
			buildActionMask = 2147483647;
			files = (
			);
			runOnlyForDeploymentPostprocessing = 0;
		};
/* End PBXFrameworksBuildPhase section */

/* Begin PBXGroup section */
		8F373B401B01283D006C3E9E = {
			isa = PBXGroup;
			children = (
				8F373B4B1B01283D006C3E9E /* Conta Grana */,
				8F373B651B01283D006C3E9E /* Conta GranaTests */,
				8F373B4A1B01283D006C3E9E /* Products */,
				B969970620ADEF600019764D /* Frameworks */,
			);
			sourceTree = "<group>";
		};
		8F373B4A1B01283D006C3E9E /* Products */ = {
			isa = PBXGroup;
			children = (
				8F373B491B01283D006C3E9E /* Conta Grana.app */,
				8F373B621B01283D006C3E9E /* Conta GranaTests.xctest */,
			);
			name = Products;
			sourceTree = "<group>";
		};
		8F373B4B1B01283D006C3E9E /* Conta Grana */ = {
			isa = PBXGroup;
			children = (
				8F57A01E1B102BB600A49D7D /* Frameworks */,
				8F373B501B01283D006C3E9E /* AppDelegate.h */,
				8F373B511B01283D006C3E9E /* AppDelegate.m */,
				8FD9E0AD1B03BEC100EFEB83 /* NotasTableViewController.h */,
				8FD9E0AE1B03BEC100EFEB83 /* NotasTableViewController.m */,
				8FF97B601B0F701500C318F0 /* MoedasTableViewController.h */,
				8FF97B611B0F701500C318F0 /* MoedasTableViewController.m */,
				8F57A00F1B10247900A49D7D /* SingletonClass.h */,
				8F57A0101B10247900A49D7D /* SingletonClass.m */,
				8F373B561B01283D006C3E9E /* Main.storyboard */,
				8F373B591B01283D006C3E9E /* Images.xcassets */,
				B919B086209C9AB500204CE2 /* Launch Screen.storyboard */,
				8F373B4C1B01283D006C3E9E /* Supporting Files */,
			);
			path = "Conta Grana";
			sourceTree = "<group>";
		};
		8F373B4C1B01283D006C3E9E /* Supporting Files */ = {
			isa = PBXGroup;
			children = (
				8F373B4D1B01283D006C3E9E /* Info.plist */,
				8F373B4E1B01283D006C3E9E /* main.m */,
			);
			name = "Supporting Files";
			sourceTree = "<group>";
		};
		8F373B651B01283D006C3E9E /* Conta GranaTests */ = {
			isa = PBXGroup;
			children = (
				8F373B681B01283E006C3E9E /* Conta_GranaTests.m */,
				8F373B661B01283D006C3E9E /* Supporting Files */,
			);
			path = "Conta GranaTests";
			sourceTree = "<group>";
		};
		8F373B661B01283D006C3E9E /* Supporting Files */ = {
			isa = PBXGroup;
			children = (
				8F373B671B01283D006C3E9E /* Info.plist */,
			);
			name = "Supporting Files";
			sourceTree = "<group>";
		};
		8F57A01E1B102BB600A49D7D /* Frameworks */ = {
			isa = PBXGroup;
			children = (
				8F57A01C1B102BAE00A49D7D /* UIKit.framework */,
				8F57A01A1B102B9A00A49D7D /* CoreGraphics.framework */,
				8F57A0181B102B9200A49D7D /* Foundation.framework */,
				8F57A0161B102B8000A49D7D /* Chartboost.framework */,
				8F57A0141B102B6400A49D7D /* StoreKit.framework */,
			);
			name = Frameworks;
			path = ..;
			sourceTree = "<group>";
		};
		B969970620ADEF600019764D /* Frameworks */ = {
			isa = PBXGroup;
			children = (
			);
			name = Frameworks;
			sourceTree = "<group>";
		};
/* End PBXGroup section */

/* Begin PBXNativeTarget section */
		8F373B481B01283D006C3E9E /* Conta Grana */ = {
			isa = PBXNativeTarget;
			buildConfigurationList = 8F373B6C1B01283E006C3E9E /* Build configuration list for PBXNativeTarget "Conta Grana" */;
			buildPhases = (
				8F373B451B01283D006C3E9E /* Sources */,
				8F373B461B01283D006C3E9E /* Frameworks */,
				8F373B471B01283D006C3E9E /* Resources */,
			);
			buildRules = (
			);
			dependencies = (
			);
			name = "Conta Grana";
			productName = "Conta Grana";
			productReference = 8F373B491B01283D006C3E9E /* Conta Grana.app */;
			productType = "com.apple.product-type.application";
		};
		8F373B611B01283D006C3E9E /* Conta GranaTests */ = {
			isa = PBXNativeTarget;
			buildConfigurationList = 8F373B6F1B01283E006C3E9E /* Build configuration list for PBXNativeTarget "Conta GranaTests" */;
			buildPhases = (
				8F373B5E1B01283D006C3E9E /* Sources */,
				8F373B5F1B01283D006C3E9E /* Frameworks */,
				8F373B601B01283D006C3E9E /* Resources */,
			);
			buildRules = (
			);
			dependencies = (
				8F373B641B01283D006C3E9E /* PBXTargetDependency */,
			);
			name = "Conta GranaTests";
			productName = "Conta GranaTests";
			productReference = 8F373B621B01283D006C3E9E /* Conta GranaTests.xctest */;
			productType = "com.apple.product-type.bundle.unit-test";
		};
/* End PBXNativeTarget section */

/* Begin PBXProject section */
		8F373B411B01283D006C3E9E /* Project object */ = {
			isa = PBXProject;
			attributes = {
				LastUpgradeCheck = 0930;
				ORGANIZATIONNAME = "Caique de Paula Pereira";
				TargetAttributes = {
					8F373B481B01283D006C3E9E = {
						CreatedOnToolsVersion = 6.3.1;
						DevelopmentTeam = 259HA4RXT4;
					};
					8F373B611B01283D006C3E9E = {
						CreatedOnToolsVersion = 6.3.1;
						TestTargetID = 8F373B481B01283D006C3E9E;
					};
				};
			};
			buildConfigurationList = 8F373B441B01283D006C3E9E /* Build configuration list for PBXProject "Conta Grana" */;
			compatibilityVersion = "Xcode 3.2";
			developmentRegion = English;
			hasScannedForEncodings = 0;
			knownRegions = (
				en,
				Base,
			);
			mainGroup = 8F373B401B01283D006C3E9E;
			productRefGroup = 8F373B4A1B01283D006C3E9E /* Products */;
			projectDirPath = "";
			projectRoot = "";
			targets = (
				8F373B481B01283D006C3E9E /* Conta Grana */,
				8F373B611B01283D006C3E9E /* Conta GranaTests */,
			);
		};
/* End PBXProject section */

/* Begin PBXResourcesBuildPhase section */
		8F373B471B01283D006C3E9E /* Resources */ = {
			isa = PBXResourcesBuildPhase;
			buildActionMask = 2147483647;
			files = (
				8F373B581B01283D006C3E9E /* Main.storyboard in Resources */,
				B919B087209C9AB500204CE2 /* Launch Screen.storyboard in Resources */,
				8F373B5A1B01283D006C3E9E /* Images.xcassets in Resources */,
			);
			runOnlyForDeploymentPostprocessing = 0;
		};
		8F373B601B01283D006C3E9E /* Resources */ = {
			isa = PBXResourcesBuildPhase;
			buildActionMask = 2147483647;
			files = (
			);
			runOnlyForDeploymentPostprocessing = 0;
		};
/* End PBXResourcesBuildPhase section */

/* Begin PBXSourcesBuildPhase section */
		8F373B451B01283D006C3E9E /* Sources */ = {
			isa = PBXSourcesBuildPhase;
			buildActionMask = 2147483647;
			files = (
				8F373B521B01283D006C3E9E /* AppDelegate.m in Sources */,
				8FD9E0AF1B03BEC100EFEB83 /* NotasTableViewController.m in Sources */,
				8FF97B621B0F701500C318F0 /* MoedasTableViewController.m in Sources */,
				8F373B4F1B01283D006C3E9E /* main.m in Sources */,
				8F57A0111B10247900A49D7D /* SingletonClass.m in Sources */,
			);
			runOnlyForDeploymentPostprocessing = 0;
		};
		8F373B5E1B01283D006C3E9E /* Sources */ = {
			isa = PBXSourcesBuildPhase;
			buildActionMask = 2147483647;
			files = (
				8F373B691B01283E006C3E9E /* Conta_GranaTests.m in Sources */,
			);
			runOnlyForDeploymentPostprocessing = 0;
		};
/* End PBXSourcesBuildPhase section */

/* Begin PBXTargetDependency section */
		8F373B641B01283D006C3E9E /* PBXTargetDependency */ = {
			isa = PBXTargetDependency;
			target = 8F373B481B01283D006C3E9E /* Conta Grana */;
			targetProxy = 8F373B631B01283D006C3E9E /* PBXContainerItemProxy */;
		};
/* End PBXTargetDependency section */

/* Begin PBXVariantGroup section */
		8F373B561B01283D006C3E9E /* Main.storyboard */ = {
			isa = PBXVariantGroup;
			children = (
				8F373B571B01283D006C3E9E /* Base */,
			);
			name = Main.storyboard;
			sourceTree = "<group>";
		};
/* End PBXVariantGroup section */

/* Begin XCBuildConfiguration section */
		8F373B6A1B01283E006C3E9E /* Debug */ = {
			isa = XCBuildConfiguration;
			buildSettings = {
				ALWAYS_SEARCH_USER_PATHS = NO;
				CLANG_CXX_LANGUAGE_STANDARD = "gnu++0x";
				CLANG_CXX_LIBRARY = "libc++";
				CLANG_ENABLE_MODULES = YES;
				CLANG_ENABLE_OBJC_ARC = YES;
				CLANG_WARN_BLOCK_CAPTURE_AUTORELEASING = YES;
				CLANG_WARN_BOOL_CONVERSION = YES;
				CLANG_WARN_COMMA = YES;
				CLANG_WARN_CONSTANT_CONVERSION = YES;
				CLANG_WARN_DEPRECATED_OBJC_IMPLEMENTATIONS = YES;
				CLANG_WARN_DIRECT_OBJC_ISA_USAGE = YES_ERROR;
				CLANG_WARN_EMPTY_BODY = YES;
				CLANG_WARN_ENUM_CONVERSION = YES;
				CLANG_WARN_INFINITE_RECURSION = YES;
				CLANG_WARN_INT_CONVERSION = YES;
				CLANG_WARN_NON_LITERAL_NULL_CONVERSION = YES;
				CLANG_WARN_OBJC_IMPLICIT_RETAIN_SELF = YES;
				CLANG_WARN_OBJC_LITERAL_CONVERSION = YES;
				CLANG_WARN_OBJC_ROOT_CLASS = YES_ERROR;
				CLANG_WARN_RANGE_LOOP_ANALYSIS = YES;
				CLANG_WARN_STRICT_PROTOTYPES = YES;
				CLANG_WARN_SUSPICIOUS_MOVE = YES;
				CLANG_WARN_UNREACHABLE_CODE = YES;
				CLANG_WARN__DUPLICATE_METHOD_MATCH = YES;
				"CODE_SIGN_IDENTITY[sdk=iphoneos*]" = "iPhone Developer";
				COPY_PHASE_STRIP = NO;
				DEBUG_INFORMATION_FORMAT = "dwarf-with-dsym";
				ENABLE_STRICT_OBJC_MSGSEND = YES;
				ENABLE_TESTABILITY = YES;
				GCC_C_LANGUAGE_STANDARD = gnu99;
				GCC_DYNAMIC_NO_PIC = NO;
				GCC_NO_COMMON_BLOCKS = YES;
				GCC_OPTIMIZATION_LEVEL = 0;
				GCC_PREPROCESSOR_DEFINITIONS = (
					"DEBUG=1",
					"$(inherited)",
				);
				GCC_SYMBOLS_PRIVATE_EXTERN = NO;
				GCC_WARN_64_TO_32_BIT_CONVERSION = YES;
				GCC_WARN_ABOUT_RETURN_TYPE = YES_ERROR;
				GCC_WARN_UNDECLARED_SELECTOR = YES;
				GCC_WARN_UNINITIALIZED_AUTOS = YES_AGGRESSIVE;
				GCC_WARN_UNUSED_FUNCTION = YES;
				GCC_WARN_UNUSED_VARIABLE = YES;
				IPHONEOS_DEPLOYMENT_TARGET = 8.3;
				MTL_ENABLE_DEBUG_INFO = YES;
				ONLY_ACTIVE_ARCH = YES;
				SDKROOT = iphoneos;
			};
			name = Debug;
		};
		8F373B6B1B01283E006C3E9E /* Release */ = {
			isa = XCBuildConfiguration;
			buildSettings = {
				ALWAYS_SEARCH_USER_PATHS = NO;
				CLANG_CXX_LANGUAGE_STANDARD = "gnu++0x";
				CLANG_CXX_LIBRARY = "libc++";
				CLANG_ENABLE_MODULES = YES;
				CLANG_ENABLE_OBJC_ARC = YES;
				CLANG_WARN_BLOCK_CAPTURE_AUTORELEASING = YES;
				CLANG_WARN_BOOL_CONVERSION = YES;
				CLANG_WARN_COMMA = YES;
				CLANG_WARN_CONSTANT_CONVERSION = YES;
				CLANG_WARN_DEPRECATED_OBJC_IMPLEMENTATIONS = YES;
				CLANG_WARN_DIRECT_OBJC_ISA_USAGE = YES_ERROR;
				CLANG_WARN_EMPTY_BODY = YES;
				CLANG_WARN_ENUM_CONVERSION = YES;
				CLANG_WARN_INFINITE_RECURSION = YES;
				CLANG_WARN_INT_CONVERSION = YES;
				CLANG_WARN_NON_LITERAL_NULL_CONVERSION = YES;
				CLANG_WARN_OBJC_IMPLICIT_RETAIN_SELF = YES;
				CLANG_WARN_OBJC_LITERAL_CONVERSION = YES;
				CLANG_WARN_OBJC_ROOT_CLASS = YES_ERROR;
				CLANG_WARN_RANGE_LOOP_ANALYSIS = YES;
				CLANG_WARN_STRICT_PROTOTYPES = YES;
				CLANG_WARN_SUSPICIOUS_MOVE = YES;
				CLANG_WARN_UNREACHABLE_CODE = YES;
				CLANG_WARN__DUPLICATE_METHOD_MATCH = YES;
				"CODE_SIGN_IDENTITY[sdk=iphoneos*]" = "iPhone Developer";
				COPY_PHASE_STRIP = NO;
				DEBUG_INFORMATION_FORMAT = "dwarf-with-dsym";
				ENABLE_NS_ASSERTIONS = NO;
				ENABLE_STRICT_OBJC_MSGSEND = YES;
				GCC_C_LANGUAGE_STANDARD = gnu99;
				GCC_NO_COMMON_BLOCKS = YES;
				GCC_WARN_64_TO_32_BIT_CONVERSION = YES;
				GCC_WARN_ABOUT_RETURN_TYPE = YES_ERROR;
				GCC_WARN_UNDECLARED_SELECTOR = YES;
				GCC_WARN_UNINITIALIZED_AUTOS = YES_AGGRESSIVE;
				GCC_WARN_UNUSED_FUNCTION = YES;
				GCC_WARN_UNUSED_VARIABLE = YES;
				IPHONEOS_DEPLOYMENT_TARGET = 8.3;
				MTL_ENABLE_DEBUG_INFO = NO;
				SDKROOT = iphoneos;
				VALIDATE_PRODUCT = YES;
			};
			name = Release;
		};
		8F373B6D1B01283E006C3E9E /* Debug */ = {
			isa = XCBuildConfiguration;
			buildSettings = {
				ASSETCATALOG_COMPILER_APPICON_NAME = AppIcon;
				CODE_SIGN_IDENTITY = "iPhone Developer";
				"CODE_SIGN_IDENTITY[sdk=iphoneos*]" = "iPhone Developer";
				DEVELOPMENT_TEAM = 259HA4RXT4;
				FRAMEWORK_SEARCH_PATHS = (
					"$(inherited)",
					"$(PROJECT_DIR)",
				);
				INFOPLIST_FILE = "Conta Grana/Info.plist";
				IPHONEOS_DEPLOYMENT_TARGET = 11.0;
				OTHER_LDFLAGS = "-ObjC";
				PRODUCT_BUNDLE_IDENTIFIER = "caiquedepaulapereira.$(PRODUCT_NAME:rfc1034identifier)";
				PRODUCT_NAME = "$(TARGET_NAME)";
				PROVISIONING_PROFILE = "";
			};
			name = Debug;
		};
		8F373B6E1B01283E006C3E9E /* Release */ = {
			isa = XCBuildConfiguration;
			buildSettings = {
				ASSETCATALOG_COMPILER_APPICON_NAME = AppIcon;
				CODE_SIGN_IDENTITY = "iPhone Developer";
				"CODE_SIGN_IDENTITY[sdk=iphoneos*]" = "iPhone Developer";
				DEVELOPMENT_TEAM = 259HA4RXT4;
				FRAMEWORK_SEARCH_PATHS = (
					"$(inherited)",
					"$(PROJECT_DIR)",
				);
				INFOPLIST_FILE = "Conta Grana/Info.plist";
				IPHONEOS_DEPLOYMENT_TARGET = 11.0;
				OTHER_LDFLAGS = "-ObjC";
				PRODUCT_BUNDLE_IDENTIFIER = "caiquedepaulapereira.$(PRODUCT_NAME:rfc1034identifier)";
				PRODUCT_NAME = "$(TARGET_NAME)";
				PROVISIONING_PROFILE = "";
			};
			name = Release;
		};
		8F373B701B01283E006C3E9E /* Debug */ = {
			isa = XCBuildConfiguration;
			buildSettings = {
				BUNDLE_LOADER = "$(TEST_HOST)";
				FRAMEWORK_SEARCH_PATHS = (
					"$(SDKROOT)/Developer/Library/Frameworks",
					"$(inherited)",
				);
				GCC_PREPROCESSOR_DEFINITIONS = (
					"DEBUG=1",
					"$(inherited)",
				);
				INFOPLIST_FILE = "Conta GranaTests/Info.plist";
				LD_RUNPATH_SEARCH_PATHS = "$(inherited) @executable_path/Frameworks @loader_path/Frameworks";
				PRODUCT_BUNDLE_IDENTIFIER = "caiquedepaulapereira.$(PRODUCT_NAME:rfc1034identifier)";
				PRODUCT_NAME = "$(TARGET_NAME)";
				TEST_HOST = "$(BUILT_PRODUCTS_DIR)/Conta Grana.app/Conta Grana";
			};
			name = Debug;
		};
		8F373B711B01283E006C3E9E /* Release */ = {
			isa = XCBuildConfiguration;
			buildSettings = {
				BUNDLE_LOADER = "$(TEST_HOST)";
				FRAMEWORK_SEARCH_PATHS = (
					"$(SDKROOT)/Developer/Library/Frameworks",
					"$(inherited)",
				);
				INFOPLIST_FILE = "Conta GranaTests/Info.plist";
				LD_RUNPATH_SEARCH_PATHS = "$(inherited) @executable_path/Frameworks @loader_path/Frameworks";
				PRODUCT_BUNDLE_IDENTIFIER = "caiquedepaulapereira.$(PRODUCT_NAME:rfc1034identifier)";
				PRODUCT_NAME = "$(TARGET_NAME)";
				TEST_HOST = "$(BUILT_PRODUCTS_DIR)/Conta Grana.app/Conta Grana";
			};
			name = Release;
		};
/* End XCBuildConfiguration section */

/* Begin XCConfigurationList section */
		8F373B441B01283D006C3E9E /* Build configuration list for PBXProject "Conta Grana" */ = {
			isa = XCConfigurationList;
			buildConfigurations = (
				8F373B6A1B01283E006C3E9E /* Debug */,
				8F373B6B1B01283E006C3E9E /* Release */,
			);
			defaultConfigurationIsVisible = 0;
			defaultConfigurationName = Release;
		};
		8F373B6C1B01283E006C3E9E /* Build configuration list for PBXNativeTarget "Conta Grana" */ = {
			isa = XCConfigurationList;
			buildConfigurations = (
				8F373B6D1B01283E006C3E9E /* Debug */,
				8F373B6E1B01283E006C3E9E /* Release */,
			);
			defaultConfigurationIsVisible = 0;
			defaultConfigurationName = Release;
		};
		8F373B6F1B01283E006C3E9E /* Build configuration list for PBXNativeTarget "Conta GranaTests" */ = {
			isa = XCConfigurationList;
			buildConfigurations = (
				8F373B701B01283E006C3E9E /* Debug */,
				8F373B711B01283E006C3E9E /* Release */,
			);
			defaultConfigurationIsVisible = 0;
			defaultConfigurationName = Release;
		};
/* End XCConfigurationList section */
	};
	rootObject = 8F373B411B01283D006C3E9E /* Project object */;
}
